
Microsoft Visual Studio Solution File, Format Version 12.00
# Visual Studio Version 17
VisualStudioVersion = 17.10.35122.118
MinimumVisualStudioVersion = 10.0.40219.1
Project("{FAE04EC0-301F-11D3-BF4B-00C04F79EFBC}") = "UDShortURL", "UDShortURL\UDShortURL.csproj", "{BFCA3F7F-F11D-4539-9AAA-2A2E66ECE8C9}"
EndProject
Global
	GlobalSection(SolutionConfigurationPlatforms) = preSolution
		Debug|Any CPU = Debug|Any CPU
		Release|Any CPU = Release|Any CPU
	EndGlobalSection
	GlobalSection(ProjectConfigurationPlatforms) = postSolution
		{BFCA3F7F-F11D-4539-9AAA-2A2E66ECE8C9}.Debug|Any CPU.ActiveCfg = Debug|Any CPU
		{BFCA3F7F-F11D-4539-9AAA-2A2E66ECE8C9}.Debug|Any CPU.Build.0 = Debug|Any CPU
		{BFCA3F7F-F11D-4539-9AAA-2A2E66ECE8C9}.Release|Any CPU.ActiveCfg = Release|Any CPU
		{BFCA3F7F-F11D-4539-9AAA-2A2E66ECE8C9}.Release|Any CPU.Build.0 = Release|Any CPU
	EndGlobalSection
	GlobalSection(SolutionProperties) = preSolution
		HideSolutionNode = FALSE
	EndGlobalSection
	GlobalSection(ExtensibilityGlobals) = postSolution
		SolutionGuid = {02F8EC0B-C011-4C2A-88C7-EFBA5B39C05F}
	EndGlobalSection
EndGlobal
